
Microsoft Visual Studio Solution File, Format Version 12.00
# Visual Studio 15
VisualStudioVersion = 15.0.28307.329
MinimumVisualStudioVersion = 10.0.40219.1
Project("{8BC9CEB8-8B4A-11D0-8D11-00A0C91BC942}") = "huffman", "huffman\huffman.vcxproj", "{1C7DD416-4405-4AE4-B5E0-760F60DE8B47}"
EndProject
Global
	GlobalSection(SolutionConfigurationPlatforms) = preSolution
		Debug|x64 = Debug|x64
		Debug|x86 = Debug|x86
		Release|x64 = Release|x64
		Release|x86 = Release|x86
	EndGlobalSection
	GlobalSection(ProjectConfigurationPlatforms) = postSolution
		{1C7DD416-4405-4AE4-B5E0-760F60DE8B47}.Debug|x64.ActiveCfg = Debug|x64
		{1C7DD416-4405-4AE4-B5E0-760F60DE8B47}.Debug|x64.Build.0 = Debug|x64
		{1C7DD416-4405-4AE4-B5E0-760F60DE8B47}.Debug|x86.ActiveCfg = Debug|Win32
		{1C7DD416-4405-4AE4-B5E0-760F60DE8B47}.Debug|x86.Build.0 = Debug|Win32
		{1C7DD416-4405-4AE4-B5E0-760F60DE8B47}.Release|x64.ActiveCfg = Release|x64
		{1C7DD416-4405-4AE4-B5E0-760F60DE8B47}.Release|x64.Build.0 = Release|x64
		{1C7DD416-4405-4AE4-B5E0-760F60DE8B47}.Release|x86.ActiveCfg = Release|Win32
		{1C7DD416-4405-4AE4-B5E0-760F60DE8B47}.Release|x86.Build.0 = Release|Win32
	EndGlobalSection
	GlobalSection(SolutionProperties) = preSolution
		HideSolutionNode = FALSE
	EndGlobalSection
	GlobalSection(ExtensibilityGlobals) = postSolution
		SolutionGuid = {C77DA475-3C3D-4E10-AE60-7F2EB38FF8CE}
	EndGlobalSection
EndGlobal
